
Microsoft Visual Studio Solution File, Format Version 12.00
# Visual Studio 2013
VisualStudioVersion = 12.0.30723.0
MinimumVisualStudioVersion = 10.0.40219.1
Project("{FAE04EC0-301F-11D3-BF4B-00C04F79EFBC}") = "DataTableMapper", "DataTableMapper\DataTableMapper.csproj", "{578E6C84-BE9A-4690-9655-56C34C957F45}"
EndProject
Project("{FAE04EC0-301F-11D3-BF4B-00C04F79EFBC}") = "Client", "Client\Client.csproj", "{49EE9DDB-081B-42EB-B453-8D6C1F6E790B}"
EndProject
Global
	GlobalSection(SolutionConfigurationPlatforms) = preSolution
		Debug|Any CPU = Debug|Any CPU
		Release|Any CPU = Release|Any CPU
	EndGlobalSection
	GlobalSection(ProjectConfigurationPlatforms) = postSolution
		{578E6C84-BE9A-4690-9655-56C34C957F45}.Debug|Any CPU.ActiveCfg = Debug|Any CPU
		{578E6C84-BE9A-4690-9655-56C34C957F45}.Debug|Any CPU.Build.0 = Debug|Any CPU
		{578E6C84-BE9A-4690-9655-56C34C957F45}.Release|Any CPU.ActiveCfg = Release|Any CPU
		{578E6C84-BE9A-4690-9655-56C34C957F45}.Release|Any CPU.Build.0 = Release|Any CPU
		{49EE9DDB-081B-42EB-B453-8D6C1F6E790B}.Debug|Any CPU.ActiveCfg = Debug|Any CPU
		{49EE9DDB-081B-42EB-B453-8D6C1F6E790B}.Debug|Any CPU.Build.0 = Debug|Any CPU
		{49EE9DDB-081B-42EB-B453-8D6C1F6E790B}.Release|Any CPU.ActiveCfg = Release|Any CPU
		{49EE9DDB-081B-42EB-B453-8D6C1F6E790B}.Release|Any CPU.Build.0 = Release|Any CPU
	EndGlobalSection
	GlobalSection(SolutionProperties) = preSolution
		HideSolutionNode = FALSE
	EndGlobalSection
EndGlobal
